
Microsoft Visual Studio Solution File, Format Version 12.00
# Visual Studio Version 16
VisualStudioVersion = 16.0.29519.87
MinimumVisualStudioVersion = 15.0.26124.0
Project("{2150E333-8FDC-42A3-9474-1A3956D46DE8}") = "src", "src", "{87501315-F9C8-4C53-83AF-38C895EE4EC4}"
EndProject
Project("{9A19103F-16F7-4668-BE54-9A1E7A4F7556}") = "EventAggregation.CSharp", "src\EventAggregation.CSharp\EventAggregation.CSharp.csproj", "{E8B8A2DD-2789-485C-8867-2CD48F81CD89}"
EndProject
Project("{2150E333-8FDC-42A3-9474-1A3956D46DE8}") = "tst", "tst", "{9C660317-F3D2-4775-820D-DE91D0196AB4}"
EndProject
Project("{9A19103F-16F7-4668-BE54-9A1E7A4F7556}") = "EventAggregation.CSharp.Tests", "tst\EventAggregation.CSharp.Tests\EventAggregation.CSharp.Tests.csproj", "{198F388D-6030-4935-9A0D-C2D302628615}"
EndProject
Project("{6EC3EE1D-3C4E-46DD-8F32-0CC8E7565705}") = "EventAggregation", "src\EventAggregation\EventAggregation.fsproj", "{99BC23F1-979B-4250-969C-7897A7454F2E}"
EndProject
Project("{2150E333-8FDC-42A3-9474-1A3956D46DE8}") = ".solution", ".solution", "{99A4F2C4-FC34-4787-90C4-4F094DB852FB}"
	ProjectSection(SolutionItems) = preProject
		.gitignore = .gitignore
		.github\workflows\build.yml = .github\workflows\build.yml
		src\Directory.Build.props = src\Directory.Build.props
		.github\workflows\pr.yml = .github\workflows\pr.yml
		README.md = README.md
	EndProjectSection
EndProject
Project("{6EC3EE1D-3C4E-46DD-8F32-0CC8E7565705}") = "EventAggregation.Tests", "tst\EventAggregation.Tests\EventAggregation.Tests.fsproj", "{730247C7-B5DC-4E51-B731-A95118ECE4D1}"
EndProject
Global
	GlobalSection(SolutionConfigurationPlatforms) = preSolution
		Debug|Any CPU = Debug|Any CPU
		Debug|x64 = Debug|x64
		Debug|x86 = Debug|x86
		Release|Any CPU = Release|Any CPU
		Release|x64 = Release|x64
		Release|x86 = Release|x86
	EndGlobalSection
	GlobalSection(ProjectConfigurationPlatforms) = postSolution
		{E8B8A2DD-2789-485C-8867-2CD48F81CD89}.Debug|Any CPU.ActiveCfg = Debug|Any CPU
		{E8B8A2DD-2789-485C-8867-2CD48F81CD89}.Debug|Any CPU.Build.0 = Debug|Any CPU
		{E8B8A2DD-2789-485C-8867-2CD48F81CD89}.Debug|x64.ActiveCfg = Debug|Any CPU
		{E8B8A2DD-2789-485C-8867-2CD48F81CD89}.Debug|x64.Build.0 = Debug|Any CPU
		{E8B8A2DD-2789-485C-8867-2CD48F81CD89}.Debug|x86.ActiveCfg = Debug|Any CPU
		{E8B8A2DD-2789-485C-8867-2CD48F81CD89}.Debug|x86.Build.0 = Debug|Any CPU
		{E8B8A2DD-2789-485C-8867-2CD48F81CD89}.Release|Any CPU.ActiveCfg = Release|Any CPU
		{E8B8A2DD-2789-485C-8867-2CD48F81CD89}.Release|Any CPU.Build.0 = Release|Any CPU
		{E8B8A2DD-2789-485C-8867-2CD48F81CD89}.Release|x64.ActiveCfg = Release|Any CPU
		{E8B8A2DD-2789-485C-8867-2CD48F81CD89}.Release|x64.Build.0 = Release|Any CPU
		{E8B8A2DD-2789-485C-8867-2CD48F81CD89}.Release|x86.ActiveCfg = Release|Any CPU
		{E8B8A2DD-2789-485C-8867-2CD48F81CD89}.Release|x86.Build.0 = Release|Any CPU
		{198F388D-6030-4935-9A0D-C2D302628615}.Debug|Any CPU.ActiveCfg = Debug|Any CPU
		{198F388D-6030-4935-9A0D-C2D302628615}.Debug|Any CPU.Build.0 = Debug|Any CPU
		{198F388D-6030-4935-9A0D-C2D302628615}.Debug|x64.ActiveCfg = Debug|Any CPU
		{198F388D-6030-4935-9A0D-C2D302628615}.Debug|x64.Build.0 = Debug|Any CPU
		{198F388D-6030-4935-9A0D-C2D302628615}.Debug|x86.ActiveCfg = Debug|Any CPU
		{198F388D-6030-4935-9A0D-C2D302628615}.Debug|x86.Build.0 = Debug|Any CPU
		{198F388D-6030-4935-9A0D-C2D302628615}.Release|Any CPU.ActiveCfg = Release|Any CPU
		{198F388D-6030-4935-9A0D-C2D302628615}.Release|Any CPU.Build.0 = Release|Any CPU
		{198F388D-6030-4935-9A0D-C2D302628615}.Release|x64.ActiveCfg = Release|Any CPU
		{198F388D-6030-4935-9A0D-C2D302628615}.Release|x64.Build.0 = Release|Any CPU
		{198F388D-6030-4935-9A0D-C2D302628615}.Release|x86.ActiveCfg = Release|Any CPU
		{198F388D-6030-4935-9A0D-C2D302628615}.Release|x86.Build.0 = Release|Any CPU
		{99BC23F1-979B-4250-969C-7897A7454F2E}.Debug|Any CPU.ActiveCfg = Debug|Any CPU
		{99BC23F1-979B-4250-969C-7897A7454F2E}.Debug|Any CPU.Build.0 = Debug|Any CPU
		{99BC23F1-979B-4250-969C-7897A7454F2E}.Debug|x64.ActiveCfg = Debug|Any CPU
		{99BC23F1-979B-4250-969C-7897A7454F2E}.Debug|x64.Build.0 = Debug|Any CPU
		{99BC23F1-979B-4250-969C-7897A7454F2E}.Debug|x86.ActiveCfg = Debug|Any CPU
		{99BC23F1-979B-4250-969C-7897A7454F2E}.Debug|x86.Build.0 = Debug|Any CPU
		{99BC23F1-979B-4250-969C-7897A7454F2E}.Release|Any CPU.ActiveCfg = Release|Any CPU
		{99BC23F1-979B-4250-969C-7897A7454F2E}.Release|Any CPU.Build.0 = Release|Any CPU
		{99BC23F1-979B-4250-969C-7897A7454F2E}.Release|x64.ActiveCfg = Release|Any CPU
		{99BC23F1-979B-4250-969C-7897A7454F2E}.Release|x64.Build.0 = Release|Any CPU
		{99BC23F1-979B-4250-969C-7897A7454F2E}.Release|x86.ActiveCfg = Release|Any CPU
		{99BC23F1-979B-4250-969C-7897A7454F2E}.Release|x86.Build.0 = Release|Any CPU
		{730247C7-B5DC-4E51-B731-A95118ECE4D1}.Debug|Any CPU.ActiveCfg = Debug|Any CPU
		{730247C7-B5DC-4E51-B731-A95118ECE4D1}.Debug|Any CPU.Build.0 = Debug|Any CPU
		{730247C7-B5DC-4E51-B731-A95118ECE4D1}.Debug|x64.ActiveCfg = Debug|Any CPU
		{730247C7-B5DC-4E51-B731-A95118ECE4D1}.Debug|x64.Build.0 = Debug|Any CPU
		{730247C7-B5DC-4E51-B731-A95118ECE4D1}.Debug|x86.ActiveCfg = Debug|Any CPU
		{730247C7-B5DC-4E51-B731-A95118ECE4D1}.Debug|x86.Build.0 = Debug|Any CPU
		{730247C7-B5DC-4E51-B731-A95118ECE4D1}.Release|Any CPU.ActiveCfg = Release|Any CPU
		{730247C7-B5DC-4E51-B731-A95118ECE4D1}.Release|Any CPU.Build.0 = Release|Any CPU
		{730247C7-B5DC-4E51-B731-A95118ECE4D1}.Release|x64.ActiveCfg = Release|Any CPU
		{730247C7-B5DC-4E51-B731-A95118ECE4D1}.Release|x64.Build.0 = Release|Any CPU
		{730247C7-B5DC-4E51-B731-A95118ECE4D1}.Release|x86.ActiveCfg = Release|Any CPU
		{730247C7-B5DC-4E51-B731-A95118ECE4D1}.Release|x86.Build.0 = Release|Any CPU
	EndGlobalSection
	GlobalSection(SolutionProperties) = preSolution
		HideSolutionNode = FALSE
	EndGlobalSection
	GlobalSection(NestedProjects) = preSolution
		{E8B8A2DD-2789-485C-8867-2CD48F81CD89} = {87501315-F9C8-4C53-83AF-38C895EE4EC4}
		{198F388D-6030-4935-9A0D-C2D302628615} = {9C660317-F3D2-4775-820D-DE91D0196AB4}
		{99BC23F1-979B-4250-969C-7897A7454F2E} = {87501315-F9C8-4C53-83AF-38C895EE4EC4}
		{730247C7-B5DC-4E51-B731-A95118ECE4D1} = {9C660317-F3D2-4775-820D-DE91D0196AB4}
	EndGlobalSection
	GlobalSection(ExtensibilityGlobals) = postSolution
		SolutionGuid = {73D1648A-F8AA-4AF0-8B1B-923BA5F79897}
	EndGlobalSection
EndGlobal
